<Solution>
  <Configurations>
    <Platform Name="Any CPU" />
    <Platform Name="x64" />
  </Configurations>
  <Folder Name="/app/">
    <Project Path="app/Sotto.App.Core/Sotto.App.Core.csproj">
      <Platform Solution="*|x64" Project="x64" />
    </Project>
    <Project Path="app/Sotto.App.Tests/Sotto.App.Tests.csproj">
      <Build Solution="*|x64" Project="false" />
    </Project>
    <Project Path="app/Sotto.App/Sotto.App.csproj">
      <Platform Project="x64" />
      <Deploy Solution="*|x64" />
      <Deploy Solution="Debug|Any CPU" />
    </Project>
    <Project Path="app/Sotto.Client.Tests/Sotto.Client.Tests.csproj">
      <Platform Solution="*|x64" Project="x64" />
    </Project>
    <Project Path="app/Sotto.Client/Sotto.Client.csproj">
      <Platform Solution="*|x64" Project="x64" />
    </Project>
    <Project Path="app/Sotto.Contract.Tests/Sotto.Contract.Tests.csproj">
      <Platform Solution="*|x64" Project="x64" />
    </Project>
  </Folder>
  <Folder Name="/engine/">
    <File Path="engine/CMakeLists.txt" />
  </Folder>
</Solution>
