<Solution>
  <Folder Name="/app/">
    <Project Path="app/Sotto.App.Core/Sotto.App.Core.csproj" />
    <Project Path="app/Sotto.App.Tests/Sotto.App.Tests.csproj" />
    <Project Path="app/Sotto.App/Sotto.App.csproj">
      <Platform Project="x64" />
      <Deploy Solution="Debug|*" />
    </Project>
    <Project Path="app/Sotto.Client.Tests/Sotto.Client.Tests.csproj" />
    <Project Path="app/Sotto.Client/Sotto.Client.csproj" />
    <Project Path="app/Sotto.Contract.Tests/Sotto.Contract.Tests.csproj" />
  </Folder>
  <Folder Name="/engine/">
    <File Path="engine/CMakeLists.txt" />
  </Folder>
</Solution>
